
Microsoft Visual Studio Solution File, Format Version 12.00
# Visual Studio Version 17
VisualStudioVersion = 17.6.33829.357
MinimumVisualStudioVersion = 10.0.40219.1
Project("{FAE04EC0-301F-11D3-BF4B-00C04F79EFBC}") = "acceso", "acceso.csproj", "{1F0657F1-5BC5-46C6-86AB-5B66C519F690}"
EndProject
Global
	GlobalSection(SolutionConfigurationPlatforms) = preSolution
		Debug|Any CPU = Debug|Any CPU
		Release|Any CPU = Release|Any CPU
	EndGlobalSection
	GlobalSection(ProjectConfigurationPlatforms) = postSolution
		{1F0657F1-5BC5-46C6-86AB-5B66C519F690}.Debug|Any CPU.ActiveCfg = Debug|Any CPU
		{1F0657F1-5BC5-46C6-86AB-5B66C519F690}.Debug|Any CPU.Build.0 = Debug|Any CPU
		{1F0657F1-5BC5-46C6-86AB-5B66C519F690}.Release|Any CPU.ActiveCfg = Release|Any CPU
		{1F0657F1-5BC5-46C6-86AB-5B66C519F690}.Release|Any CPU.Build.0 = Release|Any CPU
	EndGlobalSection
	GlobalSection(SolutionProperties) = preSolution
		HideSolutionNode = FALSE
	EndGlobalSection
	GlobalSection(ExtensibilityGlobals) = postSolution
		SolutionGuid = {45145519-8F56-4A21-9B7F-894C863103AD}
	EndGlobalSection
EndGlobal
